
Microsoft Visual Studio Solution File, Format Version 12.00
# Visual Studio Version 17
VisualStudioVersion = 17.9.34622.214
MinimumVisualStudioVersion = 10.0.40219.1
Project("{FAE04EC0-301F-11D3-BF4B-00C04F79EFBC}") = "BeeAlgorithm", "BeeAlgorithm\BeeAlgorithm.csproj", "{B0AEBE12-57C6-4BA3-B1A7-B2E098500163}"
EndProject
Project("{FAE04EC0-301F-11D3-BF4B-00C04F79EFBC}") = "Samples", "Samples\Samples.csproj", "{6B7D208D-9CFA-4727-A147-ED1179F555C0}"
EndProject
Global
	GlobalSection(SolutionConfigurationPlatforms) = preSolution
		Debug|Any CPU = Debug|Any CPU
		Release|Any CPU = Release|Any CPU
	EndGlobalSection
	GlobalSection(ProjectConfigurationPlatforms) = postSolution
		{B0AEBE12-57C6-4BA3-B1A7-B2E098500163}.Debug|Any CPU.ActiveCfg = Debug|Any CPU
		{B0AEBE12-57C6-4BA3-B1A7-B2E098500163}.Debug|Any CPU.Build.0 = Debug|Any CPU
		{B0AEBE12-57C6-4BA3-B1A7-B2E098500163}.Release|Any CPU.ActiveCfg = Release|Any CPU
		{B0AEBE12-57C6-4BA3-B1A7-B2E098500163}.Release|Any CPU.Build.0 = Release|Any CPU
		{6B7D208D-9CFA-4727-A147-ED1179F555C0}.Debug|Any CPU.ActiveCfg = Debug|Any CPU
		{6B7D208D-9CFA-4727-A147-ED1179F555C0}.Debug|Any CPU.Build.0 = Debug|Any CPU
		{6B7D208D-9CFA-4727-A147-ED1179F555C0}.Release|Any CPU.ActiveCfg = Release|Any CPU
		{6B7D208D-9CFA-4727-A147-ED1179F555C0}.Release|Any CPU.Build.0 = Release|Any CPU
	EndGlobalSection
	GlobalSection(SolutionProperties) = preSolution
		HideSolutionNode = FALSE
	EndGlobalSection
	GlobalSection(ExtensibilityGlobals) = postSolution
		SolutionGuid = {83BC9D69-6544-4A43-93E6-B17FF55751F8}
	EndGlobalSection
EndGlobal
